
Microsoft Visual Studio Solution File, Format Version 12.00
# Visual Studio Version 16
VisualStudioVersion = 16.0.29306.81
MinimumVisualStudioVersion = 10.0.40219.1
Project("{2150E333-8FDC-42A3-9474-1A3956D46DE8}") = "Vendor", "Vendor", "{208D2129-7D7E-48A7-890D-E5A091D2A98C}"
EndProject
Project("{2150E333-8FDC-42A3-9474-1A3956D46DE8}") = "Rent", "Rent", "{E9258656-6D42-4828-B545-9DEF0F3E3960}"
EndProject
Project("{2150E333-8FDC-42A3-9474-1A3956D46DE8}") = "Customer", "Customer", "{EDC86ABD-2698-4E97-956E-1C5100273D00}"
EndProject
Project("{FAE04EC0-301F-11D3-BF4B-00C04F79EFBC}") = "Vendor.Domain", "Vendor.Domain\Vendor.Domain.csproj", "{0F3F65D4-0D9A-4EDE-B6E5-CD5840128875}"
EndProject
Project("{FAE04EC0-301F-11D3-BF4B-00C04F79EFBC}") = "Vendor.Infrastructure", "Vendor.Infrastructure\Vendor.Infrastructure.csproj", "{17A95EFC-78EE-439D-B0D5-AB1F1E0F7542}"
EndProject
Project("{FAE04EC0-301F-11D3-BF4B-00C04F79EFBC}") = "Vendor.API", "Vendor.API\Vendor.API.csproj", "{FBDC0F8B-F3EF-4EE8-B733-C64CB69EDFAE}"
EndProject
Global
	GlobalSection(SolutionConfigurationPlatforms) = preSolution
		Debug|Any CPU = Debug|Any CPU
		Release|Any CPU = Release|Any CPU
	EndGlobalSection
	GlobalSection(ProjectConfigurationPlatforms) = postSolution
		{0F3F65D4-0D9A-4EDE-B6E5-CD5840128875}.Debug|Any CPU.ActiveCfg = Debug|Any CPU
		{0F3F65D4-0D9A-4EDE-B6E5-CD5840128875}.Debug|Any CPU.Build.0 = Debug|Any CPU
		{0F3F65D4-0D9A-4EDE-B6E5-CD5840128875}.Release|Any CPU.ActiveCfg = Release|Any CPU
		{0F3F65D4-0D9A-4EDE-B6E5-CD5840128875}.Release|Any CPU.Build.0 = Release|Any CPU
		{17A95EFC-78EE-439D-B0D5-AB1F1E0F7542}.Debug|Any CPU.ActiveCfg = Debug|Any CPU
		{17A95EFC-78EE-439D-B0D5-AB1F1E0F7542}.Debug|Any CPU.Build.0 = Debug|Any CPU
		{17A95EFC-78EE-439D-B0D5-AB1F1E0F7542}.Release|Any CPU.ActiveCfg = Release|Any CPU
		{17A95EFC-78EE-439D-B0D5-AB1F1E0F7542}.Release|Any CPU.Build.0 = Release|Any CPU
		{FBDC0F8B-F3EF-4EE8-B733-C64CB69EDFAE}.Debug|Any CPU.ActiveCfg = Debug|Any CPU
		{FBDC0F8B-F3EF-4EE8-B733-C64CB69EDFAE}.Debug|Any CPU.Build.0 = Debug|Any CPU
		{FBDC0F8B-F3EF-4EE8-B733-C64CB69EDFAE}.Release|Any CPU.ActiveCfg = Release|Any CPU
		{FBDC0F8B-F3EF-4EE8-B733-C64CB69EDFAE}.Release|Any CPU.Build.0 = Release|Any CPU
	EndGlobalSection
	GlobalSection(SolutionProperties) = preSolution
		HideSolutionNode = FALSE
	EndGlobalSection
	GlobalSection(NestedProjects) = preSolution
		{0F3F65D4-0D9A-4EDE-B6E5-CD5840128875} = {208D2129-7D7E-48A7-890D-E5A091D2A98C}
		{17A95EFC-78EE-439D-B0D5-AB1F1E0F7542} = {208D2129-7D7E-48A7-890D-E5A091D2A98C}
		{FBDC0F8B-F3EF-4EE8-B733-C64CB69EDFAE} = {208D2129-7D7E-48A7-890D-E5A091D2A98C}
	EndGlobalSection
	GlobalSection(ExtensibilityGlobals) = postSolution
		SolutionGuid = {3EA4ECA4-75FD-44EC-8C68-1917CB6BC4F5}
	EndGlobalSection
EndGlobal
