
Microsoft Visual Studio Solution File, Format Version 12.00
# Visual Studio Version 16
VisualStudioVersion = 16.0.29306.81
MinimumVisualStudioVersion = 10.0.40219.1
Project("{2150E333-8FDC-42A3-9474-1A3956D46DE8}") = "Rent", "Rent", "{E9258656-6D42-4828-B545-9DEF0F3E3960}"
EndProject
Project("{2150E333-8FDC-42A3-9474-1A3956D46DE8}") = "Customer", "Customer", "{EDC86ABD-2698-4E97-956E-1C5100273D00}"
EndProject
Project("{2150E333-8FDC-42A3-9474-1A3956D46DE8}") = "VendorMicro", "VendorMicro", "{BE12DF5B-CE05-42EC-9DAB-79CE078A0C55}"
EndProject
Project("{9A19103F-16F7-4668-BE54-9A1E7A4F7556}") = "VendorMicro.Domain", "VendorMicro.Domain\VendorMicro.Domain.csproj", "{D77E2FB2-DEE9-48D7-86DA-80850EB37DBA}"
EndProject
Project("{9A19103F-16F7-4668-BE54-9A1E7A4F7556}") = "VendorMicro.Infrastructure", "VendorMicro.Infrastructure\VendorMicro.Infrastructure.csproj", "{4C7C8D36-AFDF-467F-8E3E-FA999607A9CD}"
EndProject
Project("{9A19103F-16F7-4668-BE54-9A1E7A4F7556}") = "VendorMicro.API", "VendorMicro.API\VendorMicro.API.csproj", "{CAE05045-FEBD-4303-BBCE-F37CD2D97609}"
EndProject
Project("{9A19103F-16F7-4668-BE54-9A1E7A4F7556}") = "VendorConsole", "VendorConsole\VendorConsole.csproj", "{9F095794-F677-465D-A9F7-09957759FF1D}"
EndProject
Project("{9A19103F-16F7-4668-BE54-9A1E7A4F7556}") = "CreateVendorCommandQueueReceiver", "CreateVendorCommandQueueReceiver\CreateVendorCommandQueueReceiver.csproj", "{96E5D8B0-5017-4500-AA23-5A740927B947}"
EndProject
Project("{9A19103F-16F7-4668-BE54-9A1E7A4F7556}") = "CreateRentCommandQueueReceiver", "CreateRentCommandQueueReceiver\CreateRentCommandQueueReceiver.csproj", "{13C47121-E861-432E-8F71-ADCA40520757}"
EndProject
Project("{9A19103F-16F7-4668-BE54-9A1E7A4F7556}") = "RentConsole", "RentConsole\RentConsole.csproj", "{DCF98078-F170-4815-ABEA-FED1C8EBF9B9}"
EndProject
Project("{9A19103F-16F7-4668-BE54-9A1E7A4F7556}") = "RentMicro.API", "RentMicro.API\RentMicro.API.csproj", "{F192FECF-EFA0-4AE1-847E-A9DBA9F11C98}"
EndProject
Project("{9A19103F-16F7-4668-BE54-9A1E7A4F7556}") = "RentMicro.Domain", "RentMicro.Domain\RentMicro.Domain.csproj", "{C223DE87-517B-42B3-B3B5-7AF0A3493A6B}"
EndProject
Project("{9A19103F-16F7-4668-BE54-9A1E7A4F7556}") = "RentMicro.Infrastructure", "RentMicro.Infrastructure\RentMicro.Infrastructure.csproj", "{14EB2829-D94C-46A0-B702-06B01A951EB8}"
EndProject
Project("{9A19103F-16F7-4668-BE54-9A1E7A4F7556}") = "CustomerConsole", "CustomerConsole\CustomerConsole.csproj", "{50B8E96E-5F33-4D42-9FAE-FDD67BC6B1AD}"
EndProject
Project("{9A19103F-16F7-4668-BE54-9A1E7A4F7556}") = "CustomerMicro.API", "CustomerMicro.API\CustomerMicro.API.csproj", "{ACF1AC27-E82E-4876-AF15-8F5E0D6A4A5D}"
EndProject
Project("{9A19103F-16F7-4668-BE54-9A1E7A4F7556}") = "CustomerMicro.Domain", "CustomerMicro.Domain\CustomerMicro.Domain.csproj", "{F14BF162-A496-41E2-98D6-C6AAA8B2C808}"
EndProject
Project("{9A19103F-16F7-4668-BE54-9A1E7A4F7556}") = "CustomerMicro.Infrastructure", "CustomerMicro.Infrastructure\CustomerMicro.Infrastructure.csproj", "{E34F5042-21E0-4F96-8ED1-FC4263A5B2DE}"
EndProject
Project("{9A19103F-16F7-4668-BE54-9A1E7A4F7556}") = "CreateCustomerCommandQueueReceiver", "CreateCustomerCommandQueueReceiver\CreateCustomerCommandQueueReceiver.csproj", "{731600F8-E6F2-4504-95DA-FC5B0E806BB2}"
EndProject
Global
	GlobalSection(SolutionConfigurationPlatforms) = preSolution
		Debug|Any CPU = Debug|Any CPU
		Release|Any CPU = Release|Any CPU
	EndGlobalSection
	GlobalSection(ProjectConfigurationPlatforms) = postSolution
		{D77E2FB2-DEE9-48D7-86DA-80850EB37DBA}.Debug|Any CPU.ActiveCfg = Debug|Any CPU
		{D77E2FB2-DEE9-48D7-86DA-80850EB37DBA}.Debug|Any CPU.Build.0 = Debug|Any CPU
		{D77E2FB2-DEE9-48D7-86DA-80850EB37DBA}.Release|Any CPU.ActiveCfg = Release|Any CPU
		{D77E2FB2-DEE9-48D7-86DA-80850EB37DBA}.Release|Any CPU.Build.0 = Release|Any CPU
		{4C7C8D36-AFDF-467F-8E3E-FA999607A9CD}.Debug|Any CPU.ActiveCfg = Debug|Any CPU
		{4C7C8D36-AFDF-467F-8E3E-FA999607A9CD}.Debug|Any CPU.Build.0 = Debug|Any CPU
		{4C7C8D36-AFDF-467F-8E3E-FA999607A9CD}.Release|Any CPU.ActiveCfg = Release|Any CPU
		{4C7C8D36-AFDF-467F-8E3E-FA999607A9CD}.Release|Any CPU.Build.0 = Release|Any CPU
		{CAE05045-FEBD-4303-BBCE-F37CD2D97609}.Debug|Any CPU.ActiveCfg = Debug|Any CPU
		{CAE05045-FEBD-4303-BBCE-F37CD2D97609}.Debug|Any CPU.Build.0 = Debug|Any CPU
		{CAE05045-FEBD-4303-BBCE-F37CD2D97609}.Release|Any CPU.ActiveCfg = Release|Any CPU
		{CAE05045-FEBD-4303-BBCE-F37CD2D97609}.Release|Any CPU.Build.0 = Release|Any CPU
		{9F095794-F677-465D-A9F7-09957759FF1D}.Debug|Any CPU.ActiveCfg = Debug|Any CPU
		{9F095794-F677-465D-A9F7-09957759FF1D}.Debug|Any CPU.Build.0 = Debug|Any CPU
		{9F095794-F677-465D-A9F7-09957759FF1D}.Release|Any CPU.ActiveCfg = Release|Any CPU
		{9F095794-F677-465D-A9F7-09957759FF1D}.Release|Any CPU.Build.0 = Release|Any CPU
		{96E5D8B0-5017-4500-AA23-5A740927B947}.Debug|Any CPU.ActiveCfg = Debug|Any CPU
		{96E5D8B0-5017-4500-AA23-5A740927B947}.Debug|Any CPU.Build.0 = Debug|Any CPU
		{96E5D8B0-5017-4500-AA23-5A740927B947}.Release|Any CPU.ActiveCfg = Release|Any CPU
		{96E5D8B0-5017-4500-AA23-5A740927B947}.Release|Any CPU.Build.0 = Release|Any CPU
		{13C47121-E861-432E-8F71-ADCA40520757}.Debug|Any CPU.ActiveCfg = Debug|Any CPU
		{13C47121-E861-432E-8F71-ADCA40520757}.Debug|Any CPU.Build.0 = Debug|Any CPU
		{13C47121-E861-432E-8F71-ADCA40520757}.Release|Any CPU.ActiveCfg = Release|Any CPU
		{13C47121-E861-432E-8F71-ADCA40520757}.Release|Any CPU.Build.0 = Release|Any CPU
		{DCF98078-F170-4815-ABEA-FED1C8EBF9B9}.Debug|Any CPU.ActiveCfg = Debug|Any CPU
		{DCF98078-F170-4815-ABEA-FED1C8EBF9B9}.Debug|Any CPU.Build.0 = Debug|Any CPU
		{DCF98078-F170-4815-ABEA-FED1C8EBF9B9}.Release|Any CPU.ActiveCfg = Release|Any CPU
		{DCF98078-F170-4815-ABEA-FED1C8EBF9B9}.Release|Any CPU.Build.0 = Release|Any CPU
		{F192FECF-EFA0-4AE1-847E-A9DBA9F11C98}.Debug|Any CPU.ActiveCfg = Debug|Any CPU
		{F192FECF-EFA0-4AE1-847E-A9DBA9F11C98}.Debug|Any CPU.Build.0 = Debug|Any CPU
		{F192FECF-EFA0-4AE1-847E-A9DBA9F11C98}.Release|Any CPU.ActiveCfg = Release|Any CPU
		{F192FECF-EFA0-4AE1-847E-A9DBA9F11C98}.Release|Any CPU.Build.0 = Release|Any CPU
		{C223DE87-517B-42B3-B3B5-7AF0A3493A6B}.Debug|Any CPU.ActiveCfg = Debug|Any CPU
		{C223DE87-517B-42B3-B3B5-7AF0A3493A6B}.Debug|Any CPU.Build.0 = Debug|Any CPU
		{C223DE87-517B-42B3-B3B5-7AF0A3493A6B}.Release|Any CPU.ActiveCfg = Release|Any CPU
		{C223DE87-517B-42B3-B3B5-7AF0A3493A6B}.Release|Any CPU.Build.0 = Release|Any CPU
		{14EB2829-D94C-46A0-B702-06B01A951EB8}.Debug|Any CPU.ActiveCfg = Debug|Any CPU
		{14EB2829-D94C-46A0-B702-06B01A951EB8}.Debug|Any CPU.Build.0 = Debug|Any CPU
		{14EB2829-D94C-46A0-B702-06B01A951EB8}.Release|Any CPU.ActiveCfg = Release|Any CPU
		{14EB2829-D94C-46A0-B702-06B01A951EB8}.Release|Any CPU.Build.0 = Release|Any CPU
		{50B8E96E-5F33-4D42-9FAE-FDD67BC6B1AD}.Debug|Any CPU.ActiveCfg = Debug|Any CPU
		{50B8E96E-5F33-4D42-9FAE-FDD67BC6B1AD}.Debug|Any CPU.Build.0 = Debug|Any CPU
		{50B8E96E-5F33-4D42-9FAE-FDD67BC6B1AD}.Release|Any CPU.ActiveCfg = Release|Any CPU
		{50B8E96E-5F33-4D42-9FAE-FDD67BC6B1AD}.Release|Any CPU.Build.0 = Release|Any CPU
		{ACF1AC27-E82E-4876-AF15-8F5E0D6A4A5D}.Debug|Any CPU.ActiveCfg = Debug|Any CPU
		{ACF1AC27-E82E-4876-AF15-8F5E0D6A4A5D}.Debug|Any CPU.Build.0 = Debug|Any CPU
		{ACF1AC27-E82E-4876-AF15-8F5E0D6A4A5D}.Release|Any CPU.ActiveCfg = Release|Any CPU
		{ACF1AC27-E82E-4876-AF15-8F5E0D6A4A5D}.Release|Any CPU.Build.0 = Release|Any CPU
		{F14BF162-A496-41E2-98D6-C6AAA8B2C808}.Debug|Any CPU.ActiveCfg = Debug|Any CPU
		{F14BF162-A496-41E2-98D6-C6AAA8B2C808}.Debug|Any CPU.Build.0 = Debug|Any CPU
		{F14BF162-A496-41E2-98D6-C6AAA8B2C808}.Release|Any CPU.ActiveCfg = Release|Any CPU
		{F14BF162-A496-41E2-98D6-C6AAA8B2C808}.Release|Any CPU.Build.0 = Release|Any CPU
		{E34F5042-21E0-4F96-8ED1-FC4263A5B2DE}.Debug|Any CPU.ActiveCfg = Debug|Any CPU
		{E34F5042-21E0-4F96-8ED1-FC4263A5B2DE}.Debug|Any CPU.Build.0 = Debug|Any CPU
		{E34F5042-21E0-4F96-8ED1-FC4263A5B2DE}.Release|Any CPU.ActiveCfg = Release|Any CPU
		{E34F5042-21E0-4F96-8ED1-FC4263A5B2DE}.Release|Any CPU.Build.0 = Release|Any CPU
		{731600F8-E6F2-4504-95DA-FC5B0E806BB2}.Debug|Any CPU.ActiveCfg = Debug|Any CPU
		{731600F8-E6F2-4504-95DA-FC5B0E806BB2}.Debug|Any CPU.Build.0 = Debug|Any CPU
		{731600F8-E6F2-4504-95DA-FC5B0E806BB2}.Release|Any CPU.ActiveCfg = Release|Any CPU
		{731600F8-E6F2-4504-95DA-FC5B0E806BB2}.Release|Any CPU.Build.0 = Release|Any CPU
	EndGlobalSection
	GlobalSection(SolutionProperties) = preSolution
		HideSolutionNode = FALSE
	EndGlobalSection
	GlobalSection(NestedProjects) = preSolution
		{D77E2FB2-DEE9-48D7-86DA-80850EB37DBA} = {BE12DF5B-CE05-42EC-9DAB-79CE078A0C55}
		{4C7C8D36-AFDF-467F-8E3E-FA999607A9CD} = {BE12DF5B-CE05-42EC-9DAB-79CE078A0C55}
		{CAE05045-FEBD-4303-BBCE-F37CD2D97609} = {BE12DF5B-CE05-42EC-9DAB-79CE078A0C55}
		{9F095794-F677-465D-A9F7-09957759FF1D} = {BE12DF5B-CE05-42EC-9DAB-79CE078A0C55}
		{96E5D8B0-5017-4500-AA23-5A740927B947} = {BE12DF5B-CE05-42EC-9DAB-79CE078A0C55}
		{13C47121-E861-432E-8F71-ADCA40520757} = {E9258656-6D42-4828-B545-9DEF0F3E3960}
		{DCF98078-F170-4815-ABEA-FED1C8EBF9B9} = {E9258656-6D42-4828-B545-9DEF0F3E3960}
		{F192FECF-EFA0-4AE1-847E-A9DBA9F11C98} = {E9258656-6D42-4828-B545-9DEF0F3E3960}
		{C223DE87-517B-42B3-B3B5-7AF0A3493A6B} = {E9258656-6D42-4828-B545-9DEF0F3E3960}
		{14EB2829-D94C-46A0-B702-06B01A951EB8} = {E9258656-6D42-4828-B545-9DEF0F3E3960}
		{50B8E96E-5F33-4D42-9FAE-FDD67BC6B1AD} = {EDC86ABD-2698-4E97-956E-1C5100273D00}
		{ACF1AC27-E82E-4876-AF15-8F5E0D6A4A5D} = {EDC86ABD-2698-4E97-956E-1C5100273D00}
		{F14BF162-A496-41E2-98D6-C6AAA8B2C808} = {EDC86ABD-2698-4E97-956E-1C5100273D00}
		{E34F5042-21E0-4F96-8ED1-FC4263A5B2DE} = {EDC86ABD-2698-4E97-956E-1C5100273D00}
		{731600F8-E6F2-4504-95DA-FC5B0E806BB2} = {EDC86ABD-2698-4E97-956E-1C5100273D00}
	EndGlobalSection
	GlobalSection(ExtensibilityGlobals) = postSolution
		SolutionGuid = {3EA4ECA4-75FD-44EC-8C68-1917CB6BC4F5}
	EndGlobalSection
EndGlobal
