
Microsoft Visual Studio Solution File, Format Version 12.00
# Visual Studio Version 16
VisualStudioVersion = 16.0.29306.81
MinimumVisualStudioVersion = 10.0.40219.1
Project("{2150E333-8FDC-42A3-9474-1A3956D46DE8}") = "Rent", "Rent", "{E9258656-6D42-4828-B545-9DEF0F3E3960}"
EndProject
Project("{2150E333-8FDC-42A3-9474-1A3956D46DE8}") = "Customer", "Customer", "{EDC86ABD-2698-4E97-956E-1C5100273D00}"
EndProject
Project("{2150E333-8FDC-42A3-9474-1A3956D46DE8}") = "VendorMicro", "VendorMicro", "{BE12DF5B-CE05-42EC-9DAB-79CE078A0C55}"
EndProject
Project("{9A19103F-16F7-4668-BE54-9A1E7A4F7556}") = "VendorMicro.Domain", "VendorMicro.Domain\VendorMicro.Domain.csproj", "{D77E2FB2-DEE9-48D7-86DA-80850EB37DBA}"
EndProject
Project("{9A19103F-16F7-4668-BE54-9A1E7A4F7556}") = "VendorMicro.Infrastructure", "VendorMicro.Infrastructure\VendorMicro.Infrastructure.csproj", "{4C7C8D36-AFDF-467F-8E3E-FA999607A9CD}"
EndProject
Project("{9A19103F-16F7-4668-BE54-9A1E7A4F7556}") = "VendorMicro.API", "VendorMicro.API\VendorMicro.API.csproj", "{CAE05045-FEBD-4303-BBCE-F37CD2D97609}"
EndProject
Project("{9A19103F-16F7-4668-BE54-9A1E7A4F7556}") = "VendorConsole", "VendorConsole\VendorConsole.csproj", "{9F095794-F677-465D-A9F7-09957759FF1D}"
EndProject
Project("{FAE04EC0-301F-11D3-BF4B-00C04F79EFBC}") = "CreateVendorCommandQueueReceiver", "CreateVendorCommandQueueReceiver\CreateVendorCommandQueueReceiver.csproj", "{96E5D8B0-5017-4500-AA23-5A740927B947}"
EndProject
Global
	GlobalSection(SolutionConfigurationPlatforms) = preSolution
		Debug|Any CPU = Debug|Any CPU
		Release|Any CPU = Release|Any CPU
	EndGlobalSection
	GlobalSection(ProjectConfigurationPlatforms) = postSolution
		{D77E2FB2-DEE9-48D7-86DA-80850EB37DBA}.Debug|Any CPU.ActiveCfg = Debug|Any CPU
		{D77E2FB2-DEE9-48D7-86DA-80850EB37DBA}.Debug|Any CPU.Build.0 = Debug|Any CPU
		{D77E2FB2-DEE9-48D7-86DA-80850EB37DBA}.Release|Any CPU.ActiveCfg = Release|Any CPU
		{D77E2FB2-DEE9-48D7-86DA-80850EB37DBA}.Release|Any CPU.Build.0 = Release|Any CPU
		{4C7C8D36-AFDF-467F-8E3E-FA999607A9CD}.Debug|Any CPU.ActiveCfg = Debug|Any CPU
		{4C7C8D36-AFDF-467F-8E3E-FA999607A9CD}.Debug|Any CPU.Build.0 = Debug|Any CPU
		{4C7C8D36-AFDF-467F-8E3E-FA999607A9CD}.Release|Any CPU.ActiveCfg = Release|Any CPU
		{4C7C8D36-AFDF-467F-8E3E-FA999607A9CD}.Release|Any CPU.Build.0 = Release|Any CPU
		{CAE05045-FEBD-4303-BBCE-F37CD2D97609}.Debug|Any CPU.ActiveCfg = Debug|Any CPU
		{CAE05045-FEBD-4303-BBCE-F37CD2D97609}.Debug|Any CPU.Build.0 = Debug|Any CPU
		{CAE05045-FEBD-4303-BBCE-F37CD2D97609}.Release|Any CPU.ActiveCfg = Release|Any CPU
		{CAE05045-FEBD-4303-BBCE-F37CD2D97609}.Release|Any CPU.Build.0 = Release|Any CPU
		{9F095794-F677-465D-A9F7-09957759FF1D}.Debug|Any CPU.ActiveCfg = Debug|Any CPU
		{9F095794-F677-465D-A9F7-09957759FF1D}.Debug|Any CPU.Build.0 = Debug|Any CPU
		{9F095794-F677-465D-A9F7-09957759FF1D}.Release|Any CPU.ActiveCfg = Release|Any CPU
		{9F095794-F677-465D-A9F7-09957759FF1D}.Release|Any CPU.Build.0 = Release|Any CPU
		{96E5D8B0-5017-4500-AA23-5A740927B947}.Debug|Any CPU.ActiveCfg = Debug|Any CPU
		{96E5D8B0-5017-4500-AA23-5A740927B947}.Debug|Any CPU.Build.0 = Debug|Any CPU
		{96E5D8B0-5017-4500-AA23-5A740927B947}.Release|Any CPU.ActiveCfg = Release|Any CPU
		{96E5D8B0-5017-4500-AA23-5A740927B947}.Release|Any CPU.Build.0 = Release|Any CPU
	EndGlobalSection
	GlobalSection(SolutionProperties) = preSolution
		HideSolutionNode = FALSE
	EndGlobalSection
	GlobalSection(NestedProjects) = preSolution
		{D77E2FB2-DEE9-48D7-86DA-80850EB37DBA} = {BE12DF5B-CE05-42EC-9DAB-79CE078A0C55}
		{4C7C8D36-AFDF-467F-8E3E-FA999607A9CD} = {BE12DF5B-CE05-42EC-9DAB-79CE078A0C55}
		{CAE05045-FEBD-4303-BBCE-F37CD2D97609} = {BE12DF5B-CE05-42EC-9DAB-79CE078A0C55}
		{9F095794-F677-465D-A9F7-09957759FF1D} = {BE12DF5B-CE05-42EC-9DAB-79CE078A0C55}
		{96E5D8B0-5017-4500-AA23-5A740927B947} = {BE12DF5B-CE05-42EC-9DAB-79CE078A0C55}
	EndGlobalSection
	GlobalSection(ExtensibilityGlobals) = postSolution
		SolutionGuid = {3EA4ECA4-75FD-44EC-8C68-1917CB6BC4F5}
	EndGlobalSection
EndGlobal
